
Microsoft Visual Studio Solution File, Format Version 12.00
# Visual Studio Version 17
VisualStudioVersion = 17.7.34031.279
MinimumVisualStudioVersion = 10.0.40219.1
Project("{FAE04EC0-301F-11D3-BF4B-00C04F79EFBC}") = "OLL", "OLL.csproj", "{EEAFB9E6-5120-490A-99BD-DA2900EADB8D}"
EndProject
Global
	GlobalSection(SolutionConfigurationPlatforms) = preSolution
		Debug|Any CPU = Debug|Any CPU
		Release|Any CPU = Release|Any CPU
	EndGlobalSection
	GlobalSection(ProjectConfigurationPlatforms) = postSolution
		{EEAFB9E6-5120-490A-99BD-DA2900EADB8D}.Debug|Any CPU.ActiveCfg = Debug|Any CPU
		{EEAFB9E6-5120-490A-99BD-DA2900EADB8D}.Debug|Any CPU.Build.0 = Debug|Any CPU
		{EEAFB9E6-5120-490A-99BD-DA2900EADB8D}.Release|Any CPU.ActiveCfg = Release|Any CPU
		{EEAFB9E6-5120-490A-99BD-DA2900EADB8D}.Release|Any CPU.Build.0 = Release|Any CPU
	EndGlobalSection
	GlobalSection(SolutionProperties) = preSolution
		HideSolutionNode = FALSE
	EndGlobalSection
	GlobalSection(ExtensibilityGlobals) = postSolution
		SolutionGuid = {83E4BA6A-DFD7-4122-90C2-A200CD276748}
	EndGlobalSection
EndGlobal
